
Microsoft Visual Studio Solution File, Format Version 12.00
# Visual Studio Version 17
VisualStudioVersion = 17.10.35122.118
MinimumVisualStudioVersion = 10.0.40219.1
Project("{9A19103F-16F7-4668-BE54-9A1E7A4F7556}") = "RRBank.Gateway", "RRBank.Gateway\RRBank.Gateway.csproj", "{C783C328-8FFF-4C0A-B10F-7D68ED98F6BE}"
EndProject
Project("{9A19103F-16F7-4668-BE54-9A1E7A4F7556}") = "RRBank.Client", "RRBank.Client\RRBank.Client.csproj", "{786A3F08-E8BC-4F45-8A3D-6ED051ECD2E9}"
EndProject
Project("{E53339B2-1760-4266-BCC7-CA923CBCF16C}") = "docker-compose", "docker-compose.dcproj", "{6337C5FB-0636-438B-8FF2-A43EE2225745}"
EndProject
Project("{9A19103F-16F7-4668-BE54-9A1E7A4F7556}") = "RRBank.Manager", "RRBank.Manager\RRBank.Manager.csproj", "{0FC2967F-58D9-483C-B5D6-FC7E86ABD185}"
EndProject
Project("{9A19103F-16F7-4668-BE54-9A1E7A4F7556}") = "RRBank.Infra", "RRBank.Infra\RRBank.Infra.csproj", "{D0B540B3-4A52-4FBB-AE73-4121F7BD0B97}"
EndProject
Project("{2150E333-8FDC-42A3-9474-1A3956D46DE8}") = "3 - Infra", "3 - Infra", "{517EA0CA-90E5-4717-9229-A7B33A89748B}"
EndProject
Project("{2150E333-8FDC-42A3-9474-1A3956D46DE8}") = "0 - WebApis", "0 - WebApis", "{80534EC0-7110-4FCA-AA9C-7A8B77A55D42}"
EndProject
Project("{2150E333-8FDC-42A3-9474-1A3956D46DE8}") = "1 - Application", "1 - Application", "{E246F544-0324-4B32-9001-EF124C12E113}"
EndProject
Project("{2150E333-8FDC-42A3-9474-1A3956D46DE8}") = "2 - Domain", "2 - Domain", "{55C08D9A-F654-4134-9E02-E284095129DE}"
EndProject
Project("{9A19103F-16F7-4668-BE54-9A1E7A4F7556}") = "RRBank.Domain", "RRBank.Domain\RRBank.Domain.csproj", "{23995F0E-46C5-4A31-B18E-973452D41388}"
EndProject
Project("{9A19103F-16F7-4668-BE54-9A1E7A4F7556}") = "RRBank.Application", "RRBank.Application\RRBank.Application.csproj", "{6B28962C-55BE-409C-B3E2-0A9406FAAF11}"
EndProject
Project("{9A19103F-16F7-4668-BE54-9A1E7A4F7556}") = "RRBank.Migrations.cs", "RRBank.Migrations.cs\RRBank.Migrations.cs.csproj", "{62F53F06-7C10-4F85-8D85-F2E81607AD25}"
EndProject
Project("{2150E333-8FDC-42A3-9474-1A3956D46DE8}") = "4 - Tests", "4 - Tests", "{55236A11-A8CF-4D78-A33B-0E4E2C3138EC}"
EndProject
Project("{FAE04EC0-301F-11D3-BF4B-00C04F79EFBC}") = "RRBank.Testes", "RRBank.Testes\RRBank.Testes.csproj", "{CE497CE4-2154-4F8F-BC3F-CE2A92A2F80C}"
EndProject
Global
	GlobalSection(SolutionConfigurationPlatforms) = preSolution
		Debug|Any CPU = Debug|Any CPU
		Release|Any CPU = Release|Any CPU
	EndGlobalSection
	GlobalSection(ProjectConfigurationPlatforms) = postSolution
		{C783C328-8FFF-4C0A-B10F-7D68ED98F6BE}.Debug|Any CPU.ActiveCfg = Debug|Any CPU
		{C783C328-8FFF-4C0A-B10F-7D68ED98F6BE}.Debug|Any CPU.Build.0 = Debug|Any CPU
		{C783C328-8FFF-4C0A-B10F-7D68ED98F6BE}.Release|Any CPU.ActiveCfg = Release|Any CPU
		{C783C328-8FFF-4C0A-B10F-7D68ED98F6BE}.Release|Any CPU.Build.0 = Release|Any CPU
		{786A3F08-E8BC-4F45-8A3D-6ED051ECD2E9}.Debug|Any CPU.ActiveCfg = Debug|Any CPU
		{786A3F08-E8BC-4F45-8A3D-6ED051ECD2E9}.Debug|Any CPU.Build.0 = Debug|Any CPU
		{786A3F08-E8BC-4F45-8A3D-6ED051ECD2E9}.Release|Any CPU.ActiveCfg = Release|Any CPU
		{786A3F08-E8BC-4F45-8A3D-6ED051ECD2E9}.Release|Any CPU.Build.0 = Release|Any CPU
		{6337C5FB-0636-438B-8FF2-A43EE2225745}.Debug|Any CPU.ActiveCfg = Debug|Any CPU
		{6337C5FB-0636-438B-8FF2-A43EE2225745}.Debug|Any CPU.Build.0 = Debug|Any CPU
		{6337C5FB-0636-438B-8FF2-A43EE2225745}.Release|Any CPU.ActiveCfg = Release|Any CPU
		{6337C5FB-0636-438B-8FF2-A43EE2225745}.Release|Any CPU.Build.0 = Release|Any CPU
		{0FC2967F-58D9-483C-B5D6-FC7E86ABD185}.Debug|Any CPU.ActiveCfg = Debug|Any CPU
		{0FC2967F-58D9-483C-B5D6-FC7E86ABD185}.Debug|Any CPU.Build.0 = Debug|Any CPU
		{0FC2967F-58D9-483C-B5D6-FC7E86ABD185}.Release|Any CPU.ActiveCfg = Release|Any CPU
		{0FC2967F-58D9-483C-B5D6-FC7E86ABD185}.Release|Any CPU.Build.0 = Release|Any CPU
		{D0B540B3-4A52-4FBB-AE73-4121F7BD0B97}.Debug|Any CPU.ActiveCfg = Debug|Any CPU
		{D0B540B3-4A52-4FBB-AE73-4121F7BD0B97}.Debug|Any CPU.Build.0 = Debug|Any CPU
		{D0B540B3-4A52-4FBB-AE73-4121F7BD0B97}.Release|Any CPU.ActiveCfg = Release|Any CPU
		{D0B540B3-4A52-4FBB-AE73-4121F7BD0B97}.Release|Any CPU.Build.0 = Release|Any CPU
		{23995F0E-46C5-4A31-B18E-973452D41388}.Debug|Any CPU.ActiveCfg = Debug|Any CPU
		{23995F0E-46C5-4A31-B18E-973452D41388}.Debug|Any CPU.Build.0 = Debug|Any CPU
		{23995F0E-46C5-4A31-B18E-973452D41388}.Release|Any CPU.ActiveCfg = Release|Any CPU
		{23995F0E-46C5-4A31-B18E-973452D41388}.Release|Any CPU.Build.0 = Release|Any CPU
		{6B28962C-55BE-409C-B3E2-0A9406FAAF11}.Debug|Any CPU.ActiveCfg = Debug|Any CPU
		{6B28962C-55BE-409C-B3E2-0A9406FAAF11}.Debug|Any CPU.Build.0 = Debug|Any CPU
		{6B28962C-55BE-409C-B3E2-0A9406FAAF11}.Release|Any CPU.ActiveCfg = Release|Any CPU
		{6B28962C-55BE-409C-B3E2-0A9406FAAF11}.Release|Any CPU.Build.0 = Release|Any CPU
		{62F53F06-7C10-4F85-8D85-F2E81607AD25}.Debug|Any CPU.ActiveCfg = Debug|Any CPU
		{62F53F06-7C10-4F85-8D85-F2E81607AD25}.Debug|Any CPU.Build.0 = Debug|Any CPU
		{62F53F06-7C10-4F85-8D85-F2E81607AD25}.Release|Any CPU.ActiveCfg = Release|Any CPU
		{62F53F06-7C10-4F85-8D85-F2E81607AD25}.Release|Any CPU.Build.0 = Release|Any CPU
		{CE497CE4-2154-4F8F-BC3F-CE2A92A2F80C}.Debug|Any CPU.ActiveCfg = Debug|Any CPU
		{CE497CE4-2154-4F8F-BC3F-CE2A92A2F80C}.Debug|Any CPU.Build.0 = Debug|Any CPU
		{CE497CE4-2154-4F8F-BC3F-CE2A92A2F80C}.Release|Any CPU.ActiveCfg = Release|Any CPU
		{CE497CE4-2154-4F8F-BC3F-CE2A92A2F80C}.Release|Any CPU.Build.0 = Release|Any CPU
	EndGlobalSection
	GlobalSection(SolutionProperties) = preSolution
		HideSolutionNode = FALSE
	EndGlobalSection
	GlobalSection(NestedProjects) = preSolution
		{C783C328-8FFF-4C0A-B10F-7D68ED98F6BE} = {80534EC0-7110-4FCA-AA9C-7A8B77A55D42}
		{786A3F08-E8BC-4F45-8A3D-6ED051ECD2E9} = {80534EC0-7110-4FCA-AA9C-7A8B77A55D42}
		{6337C5FB-0636-438B-8FF2-A43EE2225745} = {80534EC0-7110-4FCA-AA9C-7A8B77A55D42}
		{0FC2967F-58D9-483C-B5D6-FC7E86ABD185} = {80534EC0-7110-4FCA-AA9C-7A8B77A55D42}
		{D0B540B3-4A52-4FBB-AE73-4121F7BD0B97} = {517EA0CA-90E5-4717-9229-A7B33A89748B}
		{23995F0E-46C5-4A31-B18E-973452D41388} = {55C08D9A-F654-4134-9E02-E284095129DE}
		{6B28962C-55BE-409C-B3E2-0A9406FAAF11} = {E246F544-0324-4B32-9001-EF124C12E113}
		{62F53F06-7C10-4F85-8D85-F2E81607AD25} = {517EA0CA-90E5-4717-9229-A7B33A89748B}
		{CE497CE4-2154-4F8F-BC3F-CE2A92A2F80C} = {55236A11-A8CF-4D78-A33B-0E4E2C3138EC}
	EndGlobalSection
	GlobalSection(ExtensibilityGlobals) = postSolution
		SolutionGuid = {9FF797F5-F2B2-45E1-A7F9-FEC85977D41B}
	EndGlobalSection
EndGlobal
